// !$*UTF8*$!
{
	archiveVersion = 1;
	classes = {
	};
	objectVersion = 56;
	objects = {

/* Begin PBXBuildFile section */
		7B0119232A00145D001DA974 /* Networking.swift in Sources */ = {isa = PBXBuildFile; fileRef = 7B0119222A00145D001DA974 /* Networking.swift */; };
		7B0119252A00180E001DA974 /* Constants.swift in Sources */ = {isa = PBXBuildFile; fileRef = 7B0119242A00180E001DA974 /* Constants.swift */; };
		7B1B3D0029FE8DBD00FF49F5 /* AppDelegate.swift in Sources */ = {isa = PBXBuildFile; fileRef = 7B1B3CFF29FE8DBD00FF49F5 /* AppDelegate.swift */; };
		7B1B3D0229FE8DBD00FF49F5 /* SceneDelegate.swift in Sources */ = {isa = PBXBuildFile; fileRef = 7B1B3D0129FE8DBD00FF49F5 /* SceneDelegate.swift */; };
		7B1B3D0429FE8DBD00FF49F5 /* CharactersTableViewController.swift in Sources */ = {isa = PBXBuildFile; fileRef = 7B1B3D0329FE8DBD00FF49F5 /* CharactersTableViewController.swift */; };
		7B1B3D0929FE8DBE00FF49F5 /* Assets.xcassets in Resources */ = {isa = PBXBuildFile; fileRef = 7B1B3D0829FE8DBE00FF49F5 /* Assets.xcassets */; };
		7B1B3D0C29FE8DBE00FF49F5 /* LaunchScreen.storyboard in Resources */ = {isa = PBXBuildFile; fileRef = 7B1B3D0A29FE8DBE00FF49F5 /* LaunchScreen.storyboard */; };
		7B1B3D1A29FE997400FF49F5 /* HeroTableViewCell.swift in Sources */ = {isa = PBXBuildFile; fileRef = 7B1B3D1929FE997400FF49F5 /* HeroTableViewCell.swift */; };
		7B1B3D1C29FF191800FF49F5 /* HeroDetailViewController.swift in Sources */ = {isa = PBXBuildFile; fileRef = 7B1B3D1B29FF191800FF49F5 /* HeroDetailViewController.swift */; };
		7B1B3D1E29FF217800FF49F5 /* HeroModel.swift in Sources */ = {isa = PBXBuildFile; fileRef = 7B1B3D1D29FF217800FF49F5 /* HeroModel.swift */; };
		7B1B3D2029FF21A200FF49F5 /* HeroViewModel.swift in Sources */ = {isa = PBXBuildFile; fileRef = 7B1B3D1F29FF21A200FF49F5 /* HeroViewModel.swift */; };
/* End PBXBuildFile section */

/* Begin PBXFileReference section */
		7B0119222A00145D001DA974 /* Networking.swift */ = {isa = PBXFileReference; lastKnownFileType = sourcecode.swift; path = Networking.swift; sourceTree = "<group>"; };
		7B0119242A00180E001DA974 /* Constants.swift */ = {isa = PBXFileReference; lastKnownFileType = sourcecode.swift; path = Constants.swift; sourceTree = "<group>"; };
		7B1B3CFC29FE8DBD00FF49F5 /* DotaAPI.app */ = {isa = PBXFileReference; explicitFileType = wrapper.application; includeInIndex = 0; path = DotaAPI.app; sourceTree = BUILT_PRODUCTS_DIR; };
		7B1B3CFF29FE8DBD00FF49F5 /* AppDelegate.swift */ = {isa = PBXFileReference; lastKnownFileType = sourcecode.swift; path = AppDelegate.swift; sourceTree = "<group>"; };
		7B1B3D0129FE8DBD00FF49F5 /* SceneDelegate.swift */ = {isa = PBXFileReference; lastKnownFileType = sourcecode.swift; path = SceneDelegate.swift; sourceTree = "<group>"; };
		7B1B3D0329FE8DBD00FF49F5 /* CharactersTableViewController.swift */ = {isa = PBXFileReference; lastKnownFileType = sourcecode.swift; path = CharactersTableViewController.swift; sourceTree = "<group>"; };
		7B1B3D0829FE8DBE00FF49F5 /* Assets.xcassets */ = {isa = PBXFileReference; lastKnownFileType = folder.assetcatalog; path = Assets.xcassets; sourceTree = "<group>"; };
		7B1B3D0B29FE8DBE00FF49F5 /* Base */ = {isa = PBXFileReference; lastKnownFileType = file.storyboard; name = Base; path = Base.lproj/LaunchScreen.storyboard; sourceTree = "<group>"; };
		7B1B3D0D29FE8DBE00FF49F5 /* Info.plist */ = {isa = PBXFileReference; lastKnownFileType = text.plist.xml; path = Info.plist; sourceTree = "<group>"; };
		7B1B3D1929FE997400FF49F5 /* HeroTableViewCell.swift */ = {isa = PBXFileReference; lastKnownFileType = sourcecode.swift; path = HeroTableViewCell.swift; sourceTree = "<group>"; };
		7B1B3D1B29FF191800FF49F5 /* HeroDetailViewController.swift */ = {isa = PBXFileReference; lastKnownFileType = sourcecode.swift; path = HeroDetailViewController.swift; sourceTree = "<group>"; };
		7B1B3D1D29FF217800FF49F5 /* HeroModel.swift */ = {isa = PBXFileReference; lastKnownFileType = sourcecode.swift; path = HeroModel.swift; sourceTree = "<group>"; };
		7B1B3D1F29FF21A200FF49F5 /* HeroViewModel.swift */ = {isa = PBXFileReference; lastKnownFileType = sourcecode.swift; path = HeroViewModel.swift; sourceTree = "<group>"; };
/* End PBXFileReference section */

/* Begin PBXFrameworksBuildPhase section */
		7B1B3CF929FE8DBD00FF49F5 /* Frameworks */ = {
			isa = PBXFrameworksBuildPhase;
			buildActionMask = 2147483647;
			files = (
			);
			runOnlyForDeploymentPostprocessing = 0;
		};
/* End PBXFrameworksBuildPhase section */

/* Begin PBXGroup section */
		7B0119212A00144F001DA974 /* Helpers */ = {
			isa = PBXGroup;
			children = (
				7B0119222A00145D001DA974 /* Networking.swift */,
				7B0119242A00180E001DA974 /* Constants.swift */,
			);
			path = Helpers;
			sourceTree = "<group>";
		};
		7B1B3CF329FE8DBD00FF49F5 = {
			isa = PBXGroup;
			children = (
				7B1B3CFE29FE8DBD00FF49F5 /* DotaAPI */,
				7B1B3CFD29FE8DBD00FF49F5 /* Products */,
			);
			sourceTree = "<group>";
		};
		7B1B3CFD29FE8DBD00FF49F5 /* Products */ = {
			isa = PBXGroup;
			children = (
				7B1B3CFC29FE8DBD00FF49F5 /* DotaAPI.app */,
			);
			name = Products;
			sourceTree = "<group>";
		};
		7B1B3CFE29FE8DBD00FF49F5 /* DotaAPI */ = {
			isa = PBXGroup;
			children = (
				7B0119212A00144F001DA974 /* Helpers */,
				7B1B3D1729FE8FFC00FF49F5 /* Model */,
				7B1B3D1629FE8FFA00FF49F5 /* View */,
				7B1B3D1429FE8FF200FF49F5 /* ViewModel */,
				7B1B3D1329FE8FDF00FF49F5 /* Supporters */,
				7B1B3D0D29FE8DBE00FF49F5 /* Info.plist */,
			);
			path = DotaAPI;
			sourceTree = "<group>";
		};
		7B1B3D1329FE8FDF00FF49F5 /* Supporters */ = {
			isa = PBXGroup;
			children = (
				7B1B3CFF29FE8DBD00FF49F5 /* AppDelegate.swift */,
				7B1B3D0129FE8DBD00FF49F5 /* SceneDelegate.swift */,
				7B1B3D0829FE8DBE00FF49F5 /* Assets.xcassets */,
				7B1B3D0A29FE8DBE00FF49F5 /* LaunchScreen.storyboard */,
			);
			path = Supporters;
			sourceTree = "<group>";
		};
		7B1B3D1429FE8FF200FF49F5 /* ViewModel */ = {
			isa = PBXGroup;
			children = (
				7B1B3D1F29FF21A200FF49F5 /* HeroViewModel.swift */,
			);
			path = ViewModel;
			sourceTree = "<group>";
		};
		7B1B3D1629FE8FFA00FF49F5 /* View */ = {
			isa = PBXGroup;
			children = (
				7B1B3D1929FE997400FF49F5 /* HeroTableViewCell.swift */,
				7B1B3D1829FE901200FF49F5 /* View-Controllers */,
				7B1B3D0329FE8DBD00FF49F5 /* CharactersTableViewController.swift */,
			);
			path = View;
			sourceTree = "<group>";
		};
		7B1B3D1729FE8FFC00FF49F5 /* Model */ = {
			isa = PBXGroup;
			children = (
				7B1B3D1D29FF217800FF49F5 /* HeroModel.swift */,
			);
			path = Model;
			sourceTree = "<group>";
		};
		7B1B3D1829FE901200FF49F5 /* View-Controllers */ = {
			isa = PBXGroup;
			children = (
				7B1B3D1B29FF191800FF49F5 /* HeroDetailViewController.swift */,
			);
			path = "View-Controllers";
			sourceTree = "<group>";
		};
/* End PBXGroup section */

/* Begin PBXNativeTarget section */
		7B1B3CFB29FE8DBD00FF49F5 /* DotaAPI */ = {
			isa = PBXNativeTarget;
			buildConfigurationList = 7B1B3D1029FE8DBE00FF49F5 /* Build configuration list for PBXNativeTarget "DotaAPI" */;
			buildPhases = (
				7B1B3CF829FE8DBD00FF49F5 /* Sources */,
				7B1B3CF929FE8DBD00FF49F5 /* Frameworks */,
				7B1B3CFA29FE8DBD00FF49F5 /* Resources */,
			);
			buildRules = (
			);
			dependencies = (
			);
			name = DotaAPI;
			productName = DotaAPI;
			productReference = 7B1B3CFC29FE8DBD00FF49F5 /* DotaAPI.app */;
			productType = "com.apple.product-type.application";
		};
/* End PBXNativeTarget section */

/* Begin PBXProject section */
		7B1B3CF429FE8DBD00FF49F5 /* Project object */ = {
			isa = PBXProject;
			attributes = {
				BuildIndependentTargetsInParallel = 1;
				LastSwiftUpdateCheck = 1400;
				LastUpgradeCheck = 1400;
				TargetAttributes = {
					7B1B3CFB29FE8DBD00FF49F5 = {
						CreatedOnToolsVersion = 14.0;
					};
				};
			};
			buildConfigurationList = 7B1B3CF729FE8DBD00FF49F5 /* Build configuration list for PBXProject "DotaAPI" */;
			compatibilityVersion = "Xcode 14.0";
			developmentRegion = en;
			hasScannedForEncodings = 0;
			knownRegions = (
				en,
				Base,
			);
			mainGroup = 7B1B3CF329FE8DBD00FF49F5;
			productRefGroup = 7B1B3CFD29FE8DBD00FF49F5 /* Products */;
			projectDirPath = "";
			projectRoot = "";
			targets = (
				7B1B3CFB29FE8DBD00FF49F5 /* DotaAPI */,
			);
		};
/* End PBXProject section */

/* Begin PBXResourcesBuildPhase section */
		7B1B3CFA29FE8DBD00FF49F5 /* Resources */ = {
			isa = PBXResourcesBuildPhase;
			buildActionMask = 2147483647;
			files = (
				7B1B3D0C29FE8DBE00FF49F5 /* LaunchScreen.storyboard in Resources */,
				7B1B3D0929FE8DBE00FF49F5 /* Assets.xcassets in Resources */,
			);
			runOnlyForDeploymentPostprocessing = 0;
		};
/* End PBXResourcesBuildPhase section */

/* Begin PBXSourcesBuildPhase section */
		7B1B3CF829FE8DBD00FF49F5 /* Sources */ = {
			isa = PBXSourcesBuildPhase;
			buildActionMask = 2147483647;
			files = (
				7B1B3D0429FE8DBD00FF49F5 /* CharactersTableViewController.swift in Sources */,
				7B1B3D2029FF21A200FF49F5 /* HeroViewModel.swift in Sources */,
				7B1B3D1C29FF191800FF49F5 /* HeroDetailViewController.swift in Sources */,
				7B0119232A00145D001DA974 /* Networking.swift in Sources */,
				7B1B3D0029FE8DBD00FF49F5 /* AppDelegate.swift in Sources */,
				7B1B3D0229FE8DBD00FF49F5 /* SceneDelegate.swift in Sources */,
				7B1B3D1A29FE997400FF49F5 /* HeroTableViewCell.swift in Sources */,
				7B1B3D1E29FF217800FF49F5 /* HeroModel.swift in Sources */,
				7B0119252A00180E001DA974 /* Constants.swift in Sources */,
			);
			runOnlyForDeploymentPostprocessing = 0;
		};
/* End PBXSourcesBuildPhase section */

/* Begin PBXVariantGroup section */
		7B1B3D0A29FE8DBE00FF49F5 /* LaunchScreen.storyboard */ = {
			isa = PBXVariantGroup;
			children = (
				7B1B3D0B29FE8DBE00FF49F5 /* Base */,
			);
			name = LaunchScreen.storyboard;
			sourceTree = "<group>";
		};
/* End PBXVariantGroup section */

/* Begin XCBuildConfiguration section */
		7B1B3D0E29FE8DBE00FF49F5 /* Debug */ = {
			isa = XCBuildConfiguration;
			buildSettings = {
				ALWAYS_SEARCH_USER_PATHS = NO;
				CLANG_ANALYZER_NONNULL = YES;
				CLANG_ANALYZER_NUMBER_OBJECT_CONVERSION = YES_AGGRESSIVE;
				CLANG_CXX_LANGUAGE_STANDARD = "gnu++20";
				CLANG_ENABLE_MODULES = YES;
				CLANG_ENABLE_OBJC_ARC = YES;
				CLANG_ENABLE_OBJC_WEAK = YES;
				CLANG_WARN_BLOCK_CAPTURE_AUTORELEASING = YES;
				CLANG_WARN_BOOL_CONVERSION = YES;
				CLANG_WARN_COMMA = YES;
				CLANG_WARN_CONSTANT_CONVERSION = YES;
				CLANG_WARN_DEPRECATED_OBJC_IMPLEMENTATIONS = YES;
				CLANG_WARN_DIRECT_OBJC_ISA_USAGE = YES_ERROR;
				CLANG_WARN_DOCUMENTATION_COMMENTS = YES;
				CLANG_WARN_EMPTY_BODY = YES;
				CLANG_WARN_ENUM_CONVERSION = YES;
				CLANG_WARN_INFINITE_RECURSION = YES;
				CLANG_WARN_INT_CONVERSION = YES;
				CLANG_WARN_NON_LITERAL_NULL_CONVERSION = YES;
				CLANG_WARN_OBJC_IMPLICIT_RETAIN_SELF = YES;
				CLANG_WARN_OBJC_LITERAL_CONVERSION = YES;
				CLANG_WARN_OBJC_ROOT_CLASS = YES_ERROR;
				CLANG_WARN_QUOTED_INCLUDE_IN_FRAMEWORK_HEADER = YES;
				CLANG_WARN_RANGE_LOOP_ANALYSIS = YES;
				CLANG_WARN_STRICT_PROTOTYPES = YES;
				CLANG_WARN_SUSPICIOUS_MOVE = YES;
				CLANG_WARN_UNGUARDED_AVAILABILITY = YES_AGGRESSIVE;
				CLANG_WARN_UNREACHABLE_CODE = YES;
				CLANG_WARN__DUPLICATE_METHOD_MATCH = YES;
				COPY_PHASE_STRIP = NO;
				DEBUG_INFORMATION_FORMAT = dwarf;
				ENABLE_STRICT_OBJC_MSGSEND = YES;
				ENABLE_TESTABILITY = YES;
				GCC_C_LANGUAGE_STANDARD = gnu11;
				GCC_DYNAMIC_NO_PIC = NO;
				GCC_NO_COMMON_BLOCKS = YES;
				GCC_OPTIMIZATION_LEVEL = 0;
				GCC_PREPROCESSOR_DEFINITIONS = (
					"DEBUG=1",
					"$(inherited)",
				);
				GCC_WARN_64_TO_32_BIT_CONVERSION = YES;
				GCC_WARN_ABOUT_RETURN_TYPE = YES_ERROR;
				GCC_WARN_UNDECLARED_SELECTOR = YES;
				GCC_WARN_UNINITIALIZED_AUTOS = YES_AGGRESSIVE;
				GCC_WARN_UNUSED_FUNCTION = YES;
				GCC_WARN_UNUSED_VARIABLE = YES;
				IPHONEOS_DEPLOYMENT_TARGET = 16.0;
				MTL_ENABLE_DEBUG_INFO = INCLUDE_SOURCE;
				MTL_FAST_MATH = YES;
				ONLY_ACTIVE_ARCH = YES;
				SDKROOT = iphoneos;
				SWIFT_ACTIVE_COMPILATION_CONDITIONS = DEBUG;
				SWIFT_OPTIMIZATION_LEVEL = "-Onone";
			};
			name = Debug;
		};
		7B1B3D0F29FE8DBE00FF49F5 /* Release */ = {
			isa = XCBuildConfiguration;
			buildSettings = {
				ALWAYS_SEARCH_USER_PATHS = NO;
				CLANG_ANALYZER_NONNULL = YES;
				CLANG_ANALYZER_NUMBER_OBJECT_CONVERSION = YES_AGGRESSIVE;
				CLANG_CXX_LANGUAGE_STANDARD = "gnu++20";
				CLANG_ENABLE_MODULES = YES;
				CLANG_ENABLE_OBJC_ARC = YES;
				CLANG_ENABLE_OBJC_WEAK = YES;
				CLANG_WARN_BLOCK_CAPTURE_AUTORELEASING = YES;
				CLANG_WARN_BOOL_CONVERSION = YES;
				CLANG_WARN_COMMA = YES;
				CLANG_WARN_CONSTANT_CONVERSION = YES;
				CLANG_WARN_DEPRECATED_OBJC_IMPLEMENTATIONS = YES;
				CLANG_WARN_DIRECT_OBJC_ISA_USAGE = YES_ERROR;
				CLANG_WARN_DOCUMENTATION_COMMENTS = YES;
				CLANG_WARN_EMPTY_BODY = YES;
				CLANG_WARN_ENUM_CONVERSION = YES;
				CLANG_WARN_INFINITE_RECURSION = YES;
				CLANG_WARN_INT_CONVERSION = YES;
				CLANG_WARN_NON_LITERAL_NULL_CONVERSION = YES;
				CLANG_WARN_OBJC_IMPLICIT_RETAIN_SELF = YES;
				CLANG_WARN_OBJC_LITERAL_CONVERSION = YES;
				CLANG_WARN_OBJC_ROOT_CLASS = YES_ERROR;
				CLANG_WARN_QUOTED_INCLUDE_IN_FRAMEWORK_HEADER = YES;
				CLANG_WARN_RANGE_LOOP_ANALYSIS = YES;
				CLANG_WARN_STRICT_PROTOTYPES = YES;
				CLANG_WARN_SUSPICIOUS_MOVE = YES;
				CLANG_WARN_UNGUARDED_AVAILABILITY = YES_AGGRESSIVE;
				CLANG_WARN_UNREACHABLE_CODE = YES;
				CLANG_WARN__DUPLICATE_METHOD_MATCH = YES;
				COPY_PHASE_STRIP = NO;
				DEBUG_INFORMATION_FORMAT = "dwarf-with-dsym";
				ENABLE_NS_ASSERTIONS = NO;
				ENABLE_STRICT_OBJC_MSGSEND = YES;
				GCC_C_LANGUAGE_STANDARD = gnu11;
				GCC_NO_COMMON_BLOCKS = YES;
				GCC_WARN_64_TO_32_BIT_CONVERSION = YES;
				GCC_WARN_ABOUT_RETURN_TYPE = YES_ERROR;
				GCC_WARN_UNDECLARED_SELECTOR = YES;
				GCC_WARN_UNINITIALIZED_AUTOS = YES_AGGRESSIVE;
				GCC_WARN_UNUSED_FUNCTION = YES;
				GCC_WARN_UNUSED_VARIABLE = YES;
				IPHONEOS_DEPLOYMENT_TARGET = 16.0;
				MTL_ENABLE_DEBUG_INFO = NO;
				MTL_FAST_MATH = YES;
				SDKROOT = iphoneos;
				SWIFT_COMPILATION_MODE = wholemodule;
				SWIFT_OPTIMIZATION_LEVEL = "-O";
				VALIDATE_PRODUCT = YES;
			};
			name = Release;
		};
		7B1B3D1129FE8DBE00FF49F5 /* Debug */ = {
			isa = XCBuildConfiguration;
			buildSettings = {
				ASSETCATALOG_COMPILER_APPICON_NAME = AppIcon;
				ASSETCATALOG_COMPILER_GLOBAL_ACCENT_COLOR_NAME = AccentColor;
				CODE_SIGN_STYLE = Automatic;
				CURRENT_PROJECT_VERSION = 1;
				DEVELOPMENT_TEAM = KTK732WRHB;
				GENERATE_INFOPLIST_FILE = YES;
				INFOPLIST_FILE = DotaAPI/Info.plist;
				INFOPLIST_KEY_UIApplicationSupportsIndirectInputEvents = YES;
				INFOPLIST_KEY_UILaunchStoryboardName = LaunchScreen;
				INFOPLIST_KEY_UISupportedInterfaceOrientations_iPad = "UIInterfaceOrientationPortrait UIInterfaceOrientationPortraitUpsideDown UIInterfaceOrientationLandscapeLeft UIInterfaceOrientationLandscapeRight";
				INFOPLIST_KEY_UISupportedInterfaceOrientations_iPhone = "UIInterfaceOrientationPortrait UIInterfaceOrientationLandscapeLeft UIInterfaceOrientationLandscapeRight";
				LD_RUNPATH_SEARCH_PATHS = (
					"$(inherited)",
					"@executable_path/Frameworks",
				);
				MARKETING_VERSION = 1.0;
				PRODUCT_BUNDLE_IDENTIFIER = com.allymationes.DotaAPI;
				PRODUCT_NAME = "$(TARGET_NAME)";
				SWIFT_EMIT_LOC_STRINGS = YES;
				SWIFT_VERSION = 5.0;
				TARGETED_DEVICE_FAMILY = "1,2";
			};
			name = Debug;
		};
		7B1B3D1229FE8DBE00FF49F5 /* Release */ = {
			isa = XCBuildConfiguration;
			buildSettings = {
				ASSETCATALOG_COMPILER_APPICON_NAME = AppIcon;
				ASSETCATALOG_COMPILER_GLOBAL_ACCENT_COLOR_NAME = AccentColor;
				CODE_SIGN_STYLE = Automatic;
				CURRENT_PROJECT_VERSION = 1;
				DEVELOPMENT_TEAM = KTK732WRHB;
				GENERATE_INFOPLIST_FILE = YES;
				INFOPLIST_FILE = DotaAPI/Info.plist;
				INFOPLIST_KEY_UIApplicationSupportsIndirectInputEvents = YES;
				INFOPLIST_KEY_UILaunchStoryboardName = LaunchScreen;
				INFOPLIST_KEY_UISupportedInterfaceOrientations_iPad = "UIInterfaceOrientationPortrait UIInterfaceOrientationPortraitUpsideDown UIInterfaceOrientationLandscapeLeft UIInterfaceOrientationLandscapeRight";
				INFOPLIST_KEY_UISupportedInterfaceOrientations_iPhone = "UIInterfaceOrientationPortrait UIInterfaceOrientationLandscapeLeft UIInterfaceOrientationLandscapeRight";
				LD_RUNPATH_SEARCH_PATHS = (
					"$(inherited)",
					"@executable_path/Frameworks",
				);
				MARKETING_VERSION = 1.0;
				PRODUCT_BUNDLE_IDENTIFIER = com.allymationes.DotaAPI;
				PRODUCT_NAME = "$(TARGET_NAME)";
				SWIFT_EMIT_LOC_STRINGS = YES;
				SWIFT_VERSION = 5.0;
				TARGETED_DEVICE_FAMILY = "1,2";
			};
			name = Release;
		};
/* End XCBuildConfiguration section */

/* Begin XCConfigurationList section */
		7B1B3CF729FE8DBD00FF49F5 /* Build configuration list for PBXProject "DotaAPI" */ = {
			isa = XCConfigurationList;
			buildConfigurations = (
				7B1B3D0E29FE8DBE00FF49F5 /* Debug */,
				7B1B3D0F29FE8DBE00FF49F5 /* Release */,
			);
			defaultConfigurationIsVisible = 0;
			defaultConfigurationName = Release;
		};
		7B1B3D1029FE8DBE00FF49F5 /* Build configuration list for PBXNativeTarget "DotaAPI" */ = {
			isa = XCConfigurationList;
			buildConfigurations = (
				7B1B3D1129FE8DBE00FF49F5 /* Debug */,
				7B1B3D1229FE8DBE00FF49F5 /* Release */,
			);
			defaultConfigurationIsVisible = 0;
			defaultConfigurationName = Release;
		};
/* End XCConfigurationList section */
	};
	rootObject = 7B1B3CF429FE8DBD00FF49F5 /* Project object */;
}
